{
  "products": [
    {
      "productName": "Gà Tre bông",
      "productImage": "imgs/bo1.jpg",
      "price": "3000000",
      "manufactory": "Korea",
      "description": "Tre bông Chân trắng vuông...!",
      "id": 1
    },
    {
      "productName": "Gà Tre Vàng",
      "productImage": "imgs/bo2.jpg",
      "price": "3500000",
      "manufactory": "Mỹ",
      "description": "Gà Tre Vàng Mỹ Tre Rặc F1...!",
      "id": 2
    },
    {
      "productName": "Gà Bông Ngũ Sắc",
      "productImage": "imgs/b3.jpg",
      "price": "1800000",
      "manufactory": "ThaiLand",
      "description": "Gà đá Thái lan ",
      "id": 3
    },
    {
      "productName": "Gà Khét",
      "productImage": "imgs/bo4.jpg",
      "price": "25000000",
      "manufactory": "Viet Nam",
      "description": "Viet Nam",
      "id": 4
    },
    {
      "productName": "Gà Điều Đỏ",
      "productImage": "imgs/bo5.jpg",
      "price": "2500000",
      "manufactory": "Mỹ",
      "description": "Gà Điều đỏ Asil Mỹ, Cân nặng 1.95kg",
      "id": 5
    },
    {
      "productName": "Gà Xám Son",
      "productImage": "imgs/bo6.jpg",
      "price": "3500000",
      "manufactory": "Mỹ",
      "description": "Xám son Asil Mỹ, Cân nặng: 2,15kg",
      "id": 6
    },
    {
      "productName": "Gà Bướm",
      "productImage": "imgs/bo7.jpg",
      "price": "23000000",
      "manufactory": "Mỹ",
      "description": "Gà Bướm Asil Mỹ, Cân nặng: 1,2kg",
      "id": 7
    },
    {
      "productName": "Gà Chuối",
      "productImage": "imgs/bo8.jpg",
      "price": "200000",
      "manufactory": "Mỹ",
      "description": "Gà Chuối Asil Mỹ, Cân nặng: 1,76kg",
      "id": 8
    }
  ],
  "users": [
    {
      "id": "1",
      "username": "nguyendinhthieu411@gmail.com",
      "password": "thieu123"
    },
    {
      "id": "2",
      "username": "nguyendinhthieu412@gmail.com",
      "password": "thieu123"
    }
  ]
}